
Microsoft Visual Studio Solution File, Format Version 12.00
# Visual Studio Version 17
VisualStudioVersion = 17.10.35027.167
MinimumVisualStudioVersion = 10.0.40219.1
Project("{FAE04EC0-301F-11D3-BF4B-00C04F79EFBC}") = "Cashly.Server", "Cashly.Server\Cashly.Server.csproj", "{9683DE7C-A3C1-402D-8EBA-915E0981C2B6}"
EndProject
Global
	GlobalSection(SolutionConfigurationPlatforms) = preSolution
		Debug|Any CPU = Debug|Any CPU
		Release|Any CPU = Release|Any CPU
	EndGlobalSection
	GlobalSection(ProjectConfigurationPlatforms) = postSolution
		{9683DE7C-A3C1-402D-8EBA-915E0981C2B6}.Debug|Any CPU.ActiveCfg = Debug|Any CPU
		{9683DE7C-A3C1-402D-8EBA-915E0981C2B6}.Debug|Any CPU.Build.0 = Debug|Any CPU
		{9683DE7C-A3C1-402D-8EBA-915E0981C2B6}.Release|Any CPU.ActiveCfg = Release|Any CPU
		{9683DE7C-A3C1-402D-8EBA-915E0981C2B6}.Release|Any CPU.Build.0 = Release|Any CPU
	EndGlobalSection
	GlobalSection(SolutionProperties) = preSolution
		HideSolutionNode = FALSE
	EndGlobalSection
	GlobalSection(ExtensibilityGlobals) = postSolution
		SolutionGuid = {F7E97F9D-608B-4E75-9094-3EF6E742815B}
	EndGlobalSection
EndGlobal
