
Microsoft Visual Studio Solution File, Format Version 12.00
# Visual Studio Version 17
VisualStudioVersion = 17.10.35027.167
MinimumVisualStudioVersion = 10.0.40219.1
Project("{9A19103F-16F7-4668-BE54-9A1E7A4F7556}") = "Cashly.Server", "Cashly.Server\Cashly.Server.csproj", "{51CD2CF3-1D59-4107-96AF-2376DE1C10D4}"
EndProject
Project("{54A90642-561A-4BB1-A94E-469ADEE60C69}") = "cashly.client", "Cashly.Client\cashly.client.esproj", "{8B68A6BC-1DBC-42A1-8529-B78FE1EA5265}"
EndProject
Global
	GlobalSection(SolutionConfigurationPlatforms) = preSolution
		Debug|Any CPU = Debug|Any CPU
		Release|Any CPU = Release|Any CPU
	EndGlobalSection
	GlobalSection(ProjectConfigurationPlatforms) = postSolution
		{51CD2CF3-1D59-4107-96AF-2376DE1C10D4}.Debug|Any CPU.ActiveCfg = Debug|Any CPU
		{51CD2CF3-1D59-4107-96AF-2376DE1C10D4}.Debug|Any CPU.Build.0 = Debug|Any CPU
		{51CD2CF3-1D59-4107-96AF-2376DE1C10D4}.Release|Any CPU.ActiveCfg = Release|Any CPU
		{51CD2CF3-1D59-4107-96AF-2376DE1C10D4}.Release|Any CPU.Build.0 = Release|Any CPU
		{8B68A6BC-1DBC-42A1-8529-B78FE1EA5265}.Debug|Any CPU.ActiveCfg = Debug|Any CPU
		{8B68A6BC-1DBC-42A1-8529-B78FE1EA5265}.Debug|Any CPU.Build.0 = Debug|Any CPU
		{8B68A6BC-1DBC-42A1-8529-B78FE1EA5265}.Debug|Any CPU.Deploy.0 = Debug|Any CPU
		{8B68A6BC-1DBC-42A1-8529-B78FE1EA5265}.Release|Any CPU.ActiveCfg = Release|Any CPU
		{8B68A6BC-1DBC-42A1-8529-B78FE1EA5265}.Release|Any CPU.Build.0 = Release|Any CPU
		{8B68A6BC-1DBC-42A1-8529-B78FE1EA5265}.Release|Any CPU.Deploy.0 = Release|Any CPU
	EndGlobalSection
	GlobalSection(SolutionProperties) = preSolution
		HideSolutionNode = FALSE
	EndGlobalSection
	GlobalSection(ExtensibilityGlobals) = postSolution
		SolutionGuid = {6485CB97-8341-4849-BF79-66F46189F5E1}
	EndGlobalSection
EndGlobal
